version = 1
revision = 3
requires-python = "==3.13.*"

[[package]]
name = "humanize"
version = "4.13.0"
source = { registry = "https://pypi.org/simple" }
sdist = { url = "https://files.pythonhosted.org/packages/98/1d/3062fcc89ee05a715c0b9bfe6490c00c576314f27ffee3a704122c6fd259/humanize-4.13.0.tar.gz", hash = "sha256:78f79e68f76f0b04d711c4e55d32bebef5be387148862cb1ef83d2b58e7935a0", size = 81884, upload-time = "2025-08-25T09:39:20.04Z" }
wheels = [
    { url = "https://files.pythonhosted.org/packages/1e/c7/316e7ca04d26695ef0635dc81683d628350810eb8e9b2299fc08ba49f366/humanize-4.13.0-py3-none-any.whl", hash = "sha256:b810820b31891813b1673e8fec7f1ed3312061eab2f26e3fa192c393d11ed25f", size = 128869, upload-time = "2025-08-25T09:39:18.54Z" },
]

[[package]]
name = "js2py-u08-environments"
version = "0.1.0"
source = { virtual = "." }
dependencies = [
    { name = "humanize" },
]

[package.metadata]
requires-dist = [{ name = "humanize", specifier = "==4.13.0" }]
